// !$*UTF8*$!
{
	archiveVersion = 1;
	classes = {
	};
	objectVersion = 90;
	objects = {

/* Begin PBXBuildFile section */
		AD6654622E8AEAF500A2C368 /* QuickLook.framework in Frameworks */ = {isa = PBXBuildFile; fileRef = AD6654612E8AEAF500A2C368 /* QuickLook.framework */; };
		AD66546E2E8AEAF500A2C368 /* previewext.appex in Embed Foundation Extensions */ = {isa = PBXBuildFile; fileRef = AD66545F2E8AEAF400A2C368 /* previewext.appex */; settings = {ATTRIBUTES = (RemoveHeadersOnCopy, ); }; };
		AD6654992E8B264500A2C368 /* QuickLookThumbnailing.framework in Frameworks */ = {isa = PBXBuildFile; fileRef = AD6654982E8B264500A2C368 /* QuickLookThumbnailing.framework */; };
		AD6654A02E8B264500A2C368 /* thumbext.appex in Embed Foundation Extensions */ = {isa = PBXBuildFile; fileRef = AD6654972E8B264500A2C368 /* thumbext.appex */; settings = {ATTRIBUTES = (RemoveHeadersOnCopy, ); }; };
		BF00000000000000000001B1 /* libjxl.xcframework in Frameworks */ = {isa = PBXBuildFile; fileRef = BF00000000000000000001A1 /* libjxl.xcframework */; };
		BF00000000000000000001B2 /* libjxl.xcframework in Frameworks */ = {isa = PBXBuildFile; fileRef = BF00000000000000000001A1 /* libjxl.xcframework */; };
		BF00000000000000000001C1 /* JXLDecoder.swift in Sources */ = {isa = PBXBuildFile; fileRef = BF00000000000000000001A2 /* JXLDecoder.swift */; };
		BF00000000000000000001C2 /* JXLDecoder.swift in Sources */ = {isa = PBXBuildFile; fileRef = BF00000000000000000001A2 /* JXLDecoder.swift */; };
/* End PBXBuildFile section */

/* Begin PBXContainerItemProxy section */
		AD66546C2E8AEAF500A2C368 /* PBXContainerItemProxy */ = {
			isa = PBXContainerItemProxy;
			containerPortal = AD66543B2E8AEAB700A2C368 /* Project object */;
			proxyType = 1;
			remoteGlobalIDString = AD66545E2E8AEAF400A2C368;
			remoteInfo = previewext;
		};
		AD66549E2E8B264500A2C368 /* PBXContainerItemProxy */ = {
			isa = PBXContainerItemProxy;
			containerPortal = AD66543B2E8AEAB700A2C368 /* Project object */;
			proxyType = 1;
			remoteGlobalIDString = AD6654962E8B264500A2C368;
			remoteInfo = thumbext;
		};
/* End PBXContainerItemProxy section */

/* Begin PBXCopyFilesBuildPhase section */
		AD6654732E8AEAF500A2C368 /* Embed Foundation Extensions */ = {
			isa = PBXCopyFilesBuildPhase;
			dstPath = "";
			dstSubfolder = PlugIns;
			files = (
				AD66546E2E8AEAF500A2C368 /* previewext.appex in Embed Foundation Extensions */,
				AD6654A02E8B264500A2C368 /* thumbext.appex in Embed Foundation Extensions */,
			);
			name = "Embed Foundation Extensions";
		};
/* End PBXCopyFilesBuildPhase section */

/* Begin PBXFileReference section */
		AD6654432E8AEAB800A2C368 /* jpegxlbp.app */ = {isa = PBXFileReference; explicitFileType = wrapper.application; includeInIndex = 0; path = jpegxlbp.app; sourceTree = BUILT_PRODUCTS_DIR; };
		AD66545F2E8AEAF400A2C368 /* previewext.appex */ = {isa = PBXFileReference; explicitFileType = "wrapper.app-extension"; includeInIndex = 0; path = previewext.appex; sourceTree = BUILT_PRODUCTS_DIR; };
		AD6654612E8AEAF500A2C368 /* QuickLook.framework */ = {isa = PBXFileReference; lastKnownFileType = wrapper.framework; name = QuickLook.framework; path = System/Library/Frameworks/QuickLook.framework; sourceTree = SDKROOT; };
		AD6654972E8B264500A2C368 /* thumbext.appex */ = {isa = PBXFileReference; explicitFileType = "wrapper.app-extension"; includeInIndex = 0; path = thumbext.appex; sourceTree = BUILT_PRODUCTS_DIR; };
		AD6654982E8B264500A2C368 /* QuickLookThumbnailing.framework */ = {isa = PBXFileReference; lastKnownFileType = wrapper.framework; name = QuickLookThumbnailing.framework; path = System/Library/Frameworks/QuickLookThumbnailing.framework; sourceTree = SDKROOT; };
		ADA194212F3F40A000F26337 /* README.md */ = {isa = PBXFileReference; lastKnownFileType = net.daringfireball.markdown; path = README.md; sourceTree = "<group>"; };
		BF00000000000000000001A1 /* libjxl.xcframework */ = {isa = PBXFileReference; lastKnownFileType = wrapper.xcframework; name = libjxl.xcframework; path = vendor/libjxl.xcframework; sourceTree = "<group>"; };
		BF00000000000000000001A2 /* JXLDecoder.swift */ = {isa = PBXFileReference; lastKnownFileType = sourcecode.swift; path = JXLDecoder.swift; sourceTree = "<group>"; };
/* End PBXFileReference section */

/* Begin PBXFileSystemSynchronizedBuildFileExceptionSet section */
		AD6654552E8AEABB00A2C368 /* Exceptions for "jpegxlbp" folder in "jpegxlbp" target */ = {
			isa = PBXFileSystemSynchronizedBuildFileExceptionSet;
			membershipExceptions = (
				Info.plist,
			);
			target = AD6654422E8AEAB800A2C368 /* jpegxlbp */;
		};
		AD6654722E8AEAF500A2C368 /* Exceptions for "previewext" folder in "previewext" target */ = {
			isa = PBXFileSystemSynchronizedBuildFileExceptionSet;
			membershipExceptions = (
				Info.plist,
			);
			target = AD66545E2E8AEAF400A2C368 /* previewext */;
		};
		AD6654A42E8B264600A2C368 /* Exceptions for "thumbext" folder in "thumbext" target */ = {
			isa = PBXFileSystemSynchronizedBuildFileExceptionSet;
			membershipExceptions = (
				Info.plist,
			);
			target = AD6654962E8B264500A2C368 /* thumbext */;
		};
/* End PBXFileSystemSynchronizedBuildFileExceptionSet section */

/* Begin PBXFileSystemSynchronizedRootGroup section */
		AD6654452E8AEAB800A2C368 /* jpegxlbp */ = {
			isa = PBXFileSystemSynchronizedRootGroup;
			exceptions = (
				AD6654552E8AEABB00A2C368 /* Exceptions for "jpegxlbp" folder in "jpegxlbp" target */,
			);
			path = jpegxlbp;
			sourceTree = "<group>";
		};
		AD6654632E8AEAF500A2C368 /* previewext */ = {
			isa = PBXFileSystemSynchronizedRootGroup;
			exceptions = (
				AD6654722E8AEAF500A2C368 /* Exceptions for "previewext" folder in "previewext" target */,
			);
			path = previewext;
			sourceTree = "<group>";
		};
		AD66549A2E8B264500A2C368 /* thumbext */ = {
			isa = PBXFileSystemSynchronizedRootGroup;
			exceptions = (
				AD6654A42E8B264600A2C368 /* Exceptions for "thumbext" folder in "thumbext" target */,
			);
			path = thumbext;
			sourceTree = "<group>";
		};
/* End PBXFileSystemSynchronizedRootGroup section */

/* Begin PBXFrameworksBuildPhase section */
		AD6654402E8AEAB800A2C368 /* Frameworks */ = {
			isa = PBXFrameworksBuildPhase;
			files = (
			);
		};
		AD66545C2E8AEAF400A2C368 /* Frameworks */ = {
			isa = PBXFrameworksBuildPhase;
			files = (
				BF00000000000000000001B1 /* libjxl.xcframework in Frameworks */,
				AD6654622E8AEAF500A2C368 /* QuickLook.framework in Frameworks */,
			);
		};
		AD6654942E8B264500A2C368 /* Frameworks */ = {
			isa = PBXFrameworksBuildPhase;
			files = (
				BF00000000000000000001B2 /* libjxl.xcframework in Frameworks */,
				AD6654992E8B264500A2C368 /* QuickLookThumbnailing.framework in Frameworks */,
			);
		};
/* End PBXFrameworksBuildPhase section */

/* Begin PBXGroup section */
		AD66543A2E8AEAB700A2C368 = {
			isa = PBXGroup;
			children = (
				ADA194212F3F40A000F26337 /* README.md */,
				AD6654452E8AEAB800A2C368 /* jpegxlbp */,
				AD6654632E8AEAF500A2C368 /* previewext */,
				AD66549A2E8B264500A2C368 /* thumbext */,
				BF00000000000000000001D1 /* Shared */,
				AD6654602E8AEAF500A2C368 /* Frameworks */,
				AD6654442E8AEAB800A2C368 /* Products */,
			);
			sourceTree = "<group>";
		};
		BF00000000000000000001D1 /* Shared */ = {
			isa = PBXGroup;
			children = (
				BF00000000000000000001A2 /* JXLDecoder.swift */,
			);
			path = Shared;
			sourceTree = "<group>";
		};
		AD6654442E8AEAB800A2C368 /* Products */ = {
			isa = PBXGroup;
			children = (
				AD6654432E8AEAB800A2C368 /* jpegxlbp.app */,
				AD66545F2E8AEAF400A2C368 /* previewext.appex */,
				AD6654972E8B264500A2C368 /* thumbext.appex */,
			);
			name = Products;
			sourceTree = "<group>";
		};
		AD6654602E8AEAF500A2C368 /* Frameworks */ = {
			isa = PBXGroup;
			children = (
				AD6654612E8AEAF500A2C368 /* QuickLook.framework */,
				AD6654982E8B264500A2C368 /* QuickLookThumbnailing.framework */,
				BF00000000000000000001A1 /* libjxl.xcframework */,
			);
			name = Frameworks;
			sourceTree = "<group>";
		};
/* End PBXGroup section */

/* Begin PBXNativeTarget section */
		AD6654422E8AEAB800A2C368 /* jpegxlbp */ = {
			isa = PBXNativeTarget;
			buildConfigurationList = AD6654562E8AEABB00A2C368 /* Build configuration list for PBXNativeTarget "jpegxlbp" */;
			buildPhases = (
				AD66543F2E8AEAB800A2C368 /* Sources */,
				AD6654402E8AEAB800A2C368 /* Frameworks */,
				AD6654412E8AEAB800A2C368 /* Resources */,
				AD6654732E8AEAF500A2C368 /* Embed Foundation Extensions */,
			);
			buildRules = (
			);
			dependencies = (
				AD66546D2E8AEAF500A2C368 /* PBXTargetDependency */,
				AD66549F2E8B264500A2C368 /* PBXTargetDependency */,
			);
			fileSystemSynchronizedGroups = (
				AD6654452E8AEAB800A2C368 /* jpegxlbp */,
			);
			name = jpegxlbp;
			productName = jpegxlbp;
			productReference = AD6654432E8AEAB800A2C368 /* jpegxlbp.app */;
			productType = "com.apple.product-type.application";
		};
		AD66545E2E8AEAF400A2C368 /* previewext */ = {
			isa = PBXNativeTarget;
			buildConfigurationList = AD66546F2E8AEAF500A2C368 /* Build configuration list for PBXNativeTarget "previewext" */;
			buildPhases = (
				AD66545B2E8AEAF400A2C368 /* Sources */,
				AD66545C2E8AEAF400A2C368 /* Frameworks */,
				AD66545D2E8AEAF400A2C368 /* Resources */,
			);
			buildRules = (
			);
			fileSystemSynchronizedGroups = (
				AD6654632E8AEAF500A2C368 /* previewext */,
			);
			name = previewext;
			productName = previewext;
			productReference = AD66545F2E8AEAF400A2C368 /* previewext.appex */;
			productType = "com.apple.product-type.app-extension";
		};
		AD6654962E8B264500A2C368 /* thumbext */ = {
			isa = PBXNativeTarget;
			buildConfigurationList = AD6654A12E8B264600A2C368 /* Build configuration list for PBXNativeTarget "thumbext" */;
			buildPhases = (
				AD6654932E8B264500A2C368 /* Sources */,
				AD6654942E8B264500A2C368 /* Frameworks */,
				AD6654952E8B264500A2C368 /* Resources */,
			);
			buildRules = (
			);
			fileSystemSynchronizedGroups = (
				AD66549A2E8B264500A2C368 /* thumbext */,
			);
			name = thumbext;
			productName = thumbext;
			productReference = AD6654972E8B264500A2C368 /* thumbext.appex */;
			productType = "com.apple.product-type.app-extension";
		};
/* End PBXNativeTarget section */

/* Begin PBXProject section */
		AD66543B2E8AEAB700A2C368 /* Project object */ = {
			isa = PBXProject;
			attributes = {
				BuildIndependentTargetsInParallel = 1;
				LastSwiftUpdateCheck = 2600;
				LastUpgradeCheck = 2620;
				TargetAttributes = {
					AD6654422E8AEAB800A2C368 = {
						CreatedOnToolsVersion = 26.0;
					};
					AD66545E2E8AEAF400A2C368 = {
						CreatedOnToolsVersion = 26.0;
					};
					AD6654962E8B264500A2C368 = {
						CreatedOnToolsVersion = 26.0;
					};
				};
			};
			buildConfigurationList = AD66543E2E8AEAB700A2C368 /* Build configuration list for PBXProject "jpegxlbp" */;
			developmentRegion = en;
			hasScannedForEncodings = 0;
			knownRegions = (
				en,
				Base,
			);
			mainGroup = AD66543A2E8AEAB700A2C368;
			minimizedProjectReferenceProxies = 1;
			preferredProjectObjectVersion = 90;
			productRefGroup = AD6654442E8AEAB800A2C368 /* Products */;
			projectDirPath = "";
			projectRoot = "";
			targets = (
				AD6654422E8AEAB800A2C368 /* jpegxlbp */,
				AD66545E2E8AEAF400A2C368 /* previewext */,
				AD6654962E8B264500A2C368 /* thumbext */,
			);
		};
/* End PBXProject section */

/* Begin PBXResourcesBuildPhase section */
		AD6654412E8AEAB800A2C368 /* Resources */ = {
			isa = PBXResourcesBuildPhase;
			files = (
			);
		};
		AD66545D2E8AEAF400A2C368 /* Resources */ = {
			isa = PBXResourcesBuildPhase;
			files = (
			);
		};
		AD6654952E8B264500A2C368 /* Resources */ = {
			isa = PBXResourcesBuildPhase;
			files = (
			);
		};
/* End PBXResourcesBuildPhase section */

/* Begin PBXSourcesBuildPhase section */
		AD66543F2E8AEAB800A2C368 /* Sources */ = {
			isa = PBXSourcesBuildPhase;
			files = (
			);
		};
		AD66545B2E8AEAF400A2C368 /* Sources */ = {
			isa = PBXSourcesBuildPhase;
			files = (
				BF00000000000000000001C1 /* JXLDecoder.swift in Sources */,
			);
		};
		AD6654932E8B264500A2C368 /* Sources */ = {
			isa = PBXSourcesBuildPhase;
			files = (
				BF00000000000000000001C2 /* JXLDecoder.swift in Sources */,
			);
		};
/* End PBXSourcesBuildPhase section */

/* Begin PBXTargetDependency section */
		AD66546D2E8AEAF500A2C368 /* PBXTargetDependency */ = {
			isa = PBXTargetDependency;
			target = AD66545E2E8AEAF400A2C368 /* previewext */;
			targetProxy = AD66546C2E8AEAF500A2C368 /* PBXContainerItemProxy */;
		};
		AD66549F2E8B264500A2C368 /* PBXTargetDependency */ = {
			isa = PBXTargetDependency;
			target = AD6654962E8B264500A2C368 /* thumbext */;
			targetProxy = AD66549E2E8B264500A2C368 /* PBXContainerItemProxy */;
		};
/* End PBXTargetDependency section */

/* Begin XCBuildConfiguration section */
		AD6654572E8AEABB00A2C368 /* Debug configuration for PBXNativeTarget "jpegxlbp" */ = {
			isa = XCBuildConfiguration;
			buildSettings = {
				ASSETCATALOG_COMPILER_APPICON_NAME = AppIcon;
				ASSETCATALOG_COMPILER_GLOBAL_ACCENT_COLOR_NAME = AccentColor;
				CODE_SIGN_ENTITLEMENTS = jpegxlbp/jpegxlbp.entitlements;
				CODE_SIGN_STYLE = Automatic;
				CURRENT_PROJECT_VERSION = 1;
				DEVELOPMENT_TEAM = FL3NGSAHDH;
				GENERATE_INFOPLIST_FILE = YES;
				INFOPLIST_FILE = jpegxlbp/Info.plist;
				INFOPLIST_KEY_LSApplicationCategoryType = "public.app-category.developer-tools";
				INFOPLIST_KEY_UIApplicationSupportsIndirectInputEvents = YES;
				INFOPLIST_KEY_UILaunchStoryboardName = LaunchScreen;
				INFOPLIST_KEY_UIMainStoryboardFile = Main;
				INFOPLIST_KEY_UISupportedInterfaceOrientations_iPad = "UIInterfaceOrientationPortrait UIInterfaceOrientationPortraitUpsideDown UIInterfaceOrientationLandscapeLeft UIInterfaceOrientationLandscapeRight";
				INFOPLIST_KEY_UISupportedInterfaceOrientations_iPhone = "UIInterfaceOrientationPortrait UIInterfaceOrientationLandscapeLeft UIInterfaceOrientationLandscapeRight";
				IPHONEOS_DEPLOYMENT_TARGET = 15.0;
				LD_RUNPATH_SEARCH_PATHS = (
					"$(inherited)",
					"@executable_path/Frameworks",
				);
				MARKETING_VERSION = 1.2;
				PRODUCT_BUNDLE_IDENTIFIER = io.eugo.experiments.jpegxlbp;
				PRODUCT_NAME = "$(TARGET_NAME)";
				STRING_CATALOG_GENERATE_SYMBOLS = YES;
				SUPPORTED_PLATFORMS = "iphoneos iphonesimulator";
				SUPPORTS_MACCATALYST = YES;
				SUPPORTS_MAC_DESIGNED_FOR_IPHONE_IPAD = NO;
				SUPPORTS_XR_DESIGNED_FOR_IPHONE_IPAD = NO;
				SWIFT_APPROACHABLE_CONCURRENCY = YES;
				SWIFT_DEFAULT_ACTOR_ISOLATION = MainActor;
				SWIFT_EMIT_LOC_STRINGS = YES;
				SWIFT_UPCOMING_FEATURE_MEMBER_IMPORT_VISIBILITY = YES;
				SWIFT_VERSION = 5.0;
				TARGETED_DEVICE_FAMILY = "1,2";
			};
			name = Debug;
		};
		AD6654582E8AEABB00A2C368 /* Release configuration for PBXNativeTarget "jpegxlbp" */ = {
			isa = XCBuildConfiguration;
			buildSettings = {
				ASSETCATALOG_COMPILER_APPICON_NAME = AppIcon;
				ASSETCATALOG_COMPILER_GLOBAL_ACCENT_COLOR_NAME = AccentColor;
				CODE_SIGN_ENTITLEMENTS = jpegxlbp/jpegxlbp.entitlements;
				CODE_SIGN_STYLE = Automatic;
				CURRENT_PROJECT_VERSION = 1;
				DEVELOPMENT_TEAM = FL3NGSAHDH;
				GENERATE_INFOPLIST_FILE = YES;
				INFOPLIST_FILE = jpegxlbp/Info.plist;
				INFOPLIST_KEY_LSApplicationCategoryType = "public.app-category.developer-tools";
				INFOPLIST_KEY_UIApplicationSupportsIndirectInputEvents = YES;
				INFOPLIST_KEY_UILaunchStoryboardName = LaunchScreen;
				INFOPLIST_KEY_UIMainStoryboardFile = Main;
				INFOPLIST_KEY_UISupportedInterfaceOrientations_iPad = "UIInterfaceOrientationPortrait UIInterfaceOrientationPortraitUpsideDown UIInterfaceOrientationLandscapeLeft UIInterfaceOrientationLandscapeRight";
				INFOPLIST_KEY_UISupportedInterfaceOrientations_iPhone = "UIInterfaceOrientationPortrait UIInterfaceOrientationLandscapeLeft UIInterfaceOrientationLandscapeRight";
				IPHONEOS_DEPLOYMENT_TARGET = 15.0;
				LD_RUNPATH_SEARCH_PATHS = (
					"$(inherited)",
					"@executable_path/Frameworks",
				);
				MARKETING_VERSION = 1.2;
				PRODUCT_BUNDLE_IDENTIFIER = io.eugo.experiments.jpegxlbp;
				PRODUCT_NAME = "$(TARGET_NAME)";
				STRING_CATALOG_GENERATE_SYMBOLS = YES;
				SUPPORTED_PLATFORMS = "iphoneos iphonesimulator";
				SUPPORTS_MACCATALYST = YES;
				SUPPORTS_MAC_DESIGNED_FOR_IPHONE_IPAD = NO;
				SUPPORTS_XR_DESIGNED_FOR_IPHONE_IPAD = NO;
				SWIFT_APPROACHABLE_CONCURRENCY = YES;
				SWIFT_DEFAULT_ACTOR_ISOLATION = MainActor;
				SWIFT_EMIT_LOC_STRINGS = YES;
				SWIFT_UPCOMING_FEATURE_MEMBER_IMPORT_VISIBILITY = YES;
				SWIFT_VERSION = 5.0;
				TARGETED_DEVICE_FAMILY = "1,2";
			};
			name = Release;
		};
		AD6654592E8AEABB00A2C368 /* Debug configuration for PBXProject "jpegxlbp" */ = {
			isa = XCBuildConfiguration;
			buildSettings = {
				ALWAYS_SEARCH_USER_PATHS = NO;
				ASSETCATALOG_COMPILER_GENERATE_SWIFT_ASSET_SYMBOL_EXTENSIONS = YES;
				CLANG_ANALYZER_NONNULL = YES;
				CLANG_ANALYZER_NUMBER_OBJECT_CONVERSION = YES_AGGRESSIVE;
				CLANG_CXX_LANGUAGE_STANDARD = "gnu++20";
				CLANG_ENABLE_MODULES = YES;
				CLANG_ENABLE_OBJC_ARC = YES;
				CLANG_ENABLE_OBJC_WEAK = YES;
				CLANG_WARN_BLOCK_CAPTURE_AUTORELEASING = YES;
				CLANG_WARN_BOOL_CONVERSION = YES;
				CLANG_WARN_COMMA = YES;
				CLANG_WARN_CONSTANT_CONVERSION = YES;
				CLANG_WARN_DEPRECATED_OBJC_IMPLEMENTATIONS = YES;
				CLANG_WARN_DIRECT_OBJC_ISA_USAGE = YES_ERROR;
				CLANG_WARN_DOCUMENTATION_COMMENTS = YES;
				CLANG_WARN_EMPTY_BODY = YES;
				CLANG_WARN_ENUM_CONVERSION = YES;
				CLANG_WARN_INFINITE_RECURSION = YES;
				CLANG_WARN_INT_CONVERSION = YES;
				CLANG_WARN_NON_LITERAL_NULL_CONVERSION = YES;
				CLANG_WARN_OBJC_IMPLICIT_RETAIN_SELF = YES;
				CLANG_WARN_OBJC_LITERAL_CONVERSION = YES;
				CLANG_WARN_OBJC_ROOT_CLASS = YES_ERROR;
				CLANG_WARN_QUOTED_INCLUDE_IN_FRAMEWORK_HEADER = YES;
				CLANG_WARN_RANGE_LOOP_ANALYSIS = YES;
				CLANG_WARN_STRICT_PROTOTYPES = YES;
				CLANG_WARN_SUSPICIOUS_MOVE = YES;
				CLANG_WARN_UNGUARDED_AVAILABILITY = YES_AGGRESSIVE;
				CLANG_WARN_UNREACHABLE_CODE = YES;
				CLANG_WARN__DUPLICATE_METHOD_MATCH = YES;
				COPY_PHASE_STRIP = NO;
				DEBUG_INFORMATION_FORMAT = dwarf;
				DEVELOPMENT_TEAM = HCF4B6G79X;
				ENABLE_STRICT_OBJC_MSGSEND = YES;
				ENABLE_TESTABILITY = YES;
				ENABLE_USER_SCRIPT_SANDBOXING = YES;
				EXCLUDED_ARCHS = x86_64;
				GCC_C_LANGUAGE_STANDARD = gnu17;
				GCC_DYNAMIC_NO_PIC = NO;
				GCC_NO_COMMON_BLOCKS = YES;
				GCC_OPTIMIZATION_LEVEL = 0;
				GCC_PREPROCESSOR_DEFINITIONS = (
					"DEBUG=1",
					"$(inherited)",
				);
				GCC_WARN_64_TO_32_BIT_CONVERSION = YES;
				GCC_WARN_ABOUT_RETURN_TYPE = YES_ERROR;
				GCC_WARN_UNDECLARED_SELECTOR = YES;
				GCC_WARN_UNINITIALIZED_AUTOS = YES_AGGRESSIVE;
				GCC_WARN_UNUSED_FUNCTION = YES;
				GCC_WARN_UNUSED_VARIABLE = YES;
				IPHONEOS_DEPLOYMENT_TARGET = 26.0;
				LLVM_LTO = NO;
				LOCALIZATION_PREFERS_STRING_CATALOGS = YES;
				MTL_ENABLE_DEBUG_INFO = INCLUDE_SOURCE;
				MTL_FAST_MATH = YES;
				ONLY_ACTIVE_ARCH = YES;
				OTHER_CFLAGS = (
					"-mcpu=apple-a12",
					"-mtune=apple-m4",
				);
				OTHER_SWIFT_FLAGS = "-target-cpu apple-a12 -Xcc -mcpu=apple-a12 -Xcc -mtune=apple-m4 -Xllvm -mcpu=apple-a12";
				SDKROOT = iphoneos;
				STRING_CATALOG_GENERATE_SYMBOLS = YES;
				SWIFT_ACTIVE_COMPILATION_CONDITIONS = "DEBUG $(inherited)";
				SWIFT_OPTIMIZATION_LEVEL = "-Onone";
				SWIFT_VERSION = 6.0;
			};
			name = Debug;
		};
		AD66545A2E8AEABB00A2C368 /* Release configuration for PBXProject "jpegxlbp" */ = {
			isa = XCBuildConfiguration;
			buildSettings = {
				ALWAYS_SEARCH_USER_PATHS = NO;
				ASSETCATALOG_COMPILER_GENERATE_SWIFT_ASSET_SYMBOL_EXTENSIONS = YES;
				CLANG_ANALYZER_NONNULL = YES;
				CLANG_ANALYZER_NUMBER_OBJECT_CONVERSION = YES_AGGRESSIVE;
				CLANG_CXX_LANGUAGE_STANDARD = "gnu++20";
				CLANG_ENABLE_MODULES = YES;
				CLANG_ENABLE_OBJC_ARC = YES;
				CLANG_ENABLE_OBJC_WEAK = YES;
				CLANG_WARN_BLOCK_CAPTURE_AUTORELEASING = YES;
				CLANG_WARN_BOOL_CONVERSION = YES;
				CLANG_WARN_COMMA = YES;
				CLANG_WARN_CONSTANT_CONVERSION = YES;
				CLANG_WARN_DEPRECATED_OBJC_IMPLEMENTATIONS = YES;
				CLANG_WARN_DIRECT_OBJC_ISA_USAGE = YES_ERROR;
				CLANG_WARN_DOCUMENTATION_COMMENTS = YES;
				CLANG_WARN_EMPTY_BODY = YES;
				CLANG_WARN_ENUM_CONVERSION = YES;
				CLANG_WARN_INFINITE_RECURSION = YES;
				CLANG_WARN_INT_CONVERSION = YES;
				CLANG_WARN_NON_LITERAL_NULL_CONVERSION = YES;
				CLANG_WARN_OBJC_IMPLICIT_RETAIN_SELF = YES;
				CLANG_WARN_OBJC_LITERAL_CONVERSION = YES;
				CLANG_WARN_OBJC_ROOT_CLASS = YES_ERROR;
				CLANG_WARN_QUOTED_INCLUDE_IN_FRAMEWORK_HEADER = YES;
				CLANG_WARN_RANGE_LOOP_ANALYSIS = YES;
				CLANG_WARN_STRICT_PROTOTYPES = YES;
				CLANG_WARN_SUSPICIOUS_MOVE = YES;
				CLANG_WARN_UNGUARDED_AVAILABILITY = YES_AGGRESSIVE;
				CLANG_WARN_UNREACHABLE_CODE = YES;
				CLANG_WARN__DUPLICATE_METHOD_MATCH = YES;
				COPY_PHASE_STRIP = NO;
				DEBUG_INFORMATION_FORMAT = "dwarf-with-dsym";
				DEVELOPMENT_TEAM = HCF4B6G79X;
				ENABLE_NS_ASSERTIONS = NO;
				ENABLE_STRICT_OBJC_MSGSEND = YES;
				ENABLE_USER_SCRIPT_SANDBOXING = YES;
				EXCLUDED_ARCHS = x86_64;
				GCC_C_LANGUAGE_STANDARD = gnu17;
				GCC_NO_COMMON_BLOCKS = YES;
				GCC_OPTIMIZATION_LEVEL = 3;
				GCC_WARN_64_TO_32_BIT_CONVERSION = YES;
				GCC_WARN_ABOUT_RETURN_TYPE = YES_ERROR;
				GCC_WARN_UNDECLARED_SELECTOR = YES;
				GCC_WARN_UNINITIALIZED_AUTOS = YES_AGGRESSIVE;
				GCC_WARN_UNUSED_FUNCTION = YES;
				GCC_WARN_UNUSED_VARIABLE = YES;
				IPHONEOS_DEPLOYMENT_TARGET = 26.0;
				LLVM_LTO = YES;
				LOCALIZATION_PREFERS_STRING_CATALOGS = YES;
				MTL_ENABLE_DEBUG_INFO = NO;
				MTL_FAST_MATH = YES;
				OTHER_CFLAGS = (
					"-mcpu=apple-a12",
					"-mtune=apple-m4",
				);
				OTHER_SWIFT_FLAGS = "-target-cpu apple-a12 -Xcc -mcpu=apple-a12 -Xcc -mtune=apple-m4 -Xllvm -mcpu=apple-a12";
				SDKROOT = iphoneos;
				STRING_CATALOG_GENERATE_SYMBOLS = YES;
				SWIFT_COMPILATION_MODE = wholemodule;
				SWIFT_VERSION = 6.0;
				VALIDATE_PRODUCT = YES;
			};
			name = Release;
		};
		AD6654702E8AEAF500A2C368 /* Debug configuration for PBXNativeTarget "previewext" */ = {
			isa = XCBuildConfiguration;
			buildSettings = {
				CODE_SIGN_STYLE = Automatic;
				CURRENT_PROJECT_VERSION = 1;
				DEVELOPMENT_TEAM = FL3NGSAHDH;
				GENERATE_INFOPLIST_FILE = YES;
				INFOPLIST_FILE = previewext/Info.plist;
				INFOPLIST_KEY_CFBundleDisplayName = previewext;
				INFOPLIST_KEY_NSHumanReadableCopyright = "";
				IPHONEOS_DEPLOYMENT_TARGET = 15.0;
				LD_RUNPATH_SEARCH_PATHS = (
					"$(inherited)",
					"@executable_path/Frameworks",
					"@executable_path/../../Frameworks",
				);
				MARKETING_VERSION = 1.2;
				PRODUCT_BUNDLE_IDENTIFIER = io.eugo.experiments.jpegxlbp.previewext;
				PRODUCT_NAME = "$(TARGET_NAME)";
				SKIP_INSTALL = YES;
				STRING_CATALOG_GENERATE_SYMBOLS = YES;
				SUPPORTED_PLATFORMS = "iphoneos iphonesimulator";
				SUPPORTS_MACCATALYST = YES;
				SUPPORTS_MAC_DESIGNED_FOR_IPHONE_IPAD = NO;
				SUPPORTS_XR_DESIGNED_FOR_IPHONE_IPAD = NO;
				SWIFT_APPROACHABLE_CONCURRENCY = YES;
				SWIFT_EMIT_LOC_STRINGS = YES;
				SWIFT_UPCOMING_FEATURE_MEMBER_IMPORT_VISIBILITY = YES;
				SWIFT_VERSION = 5.0;
				TARGETED_DEVICE_FAMILY = "1,2";
			};
			name = Debug;
		};
		AD6654712E8AEAF500A2C368 /* Release configuration for PBXNativeTarget "previewext" */ = {
			isa = XCBuildConfiguration;
			buildSettings = {
				CODE_SIGN_STYLE = Automatic;
				CURRENT_PROJECT_VERSION = 1;
				DEVELOPMENT_TEAM = FL3NGSAHDH;
				GENERATE_INFOPLIST_FILE = YES;
				INFOPLIST_FILE = previewext/Info.plist;
				INFOPLIST_KEY_CFBundleDisplayName = previewext;
				INFOPLIST_KEY_NSHumanReadableCopyright = "";
				IPHONEOS_DEPLOYMENT_TARGET = 15.0;
				LD_RUNPATH_SEARCH_PATHS = (
					"$(inherited)",
					"@executable_path/Frameworks",
					"@executable_path/../../Frameworks",
				);
				MARKETING_VERSION = 1.2;
				PRODUCT_BUNDLE_IDENTIFIER = io.eugo.experiments.jpegxlbp.previewext;
				PRODUCT_NAME = "$(TARGET_NAME)";
				SKIP_INSTALL = YES;
				STRING_CATALOG_GENERATE_SYMBOLS = YES;
				SUPPORTED_PLATFORMS = "iphoneos iphonesimulator";
				SUPPORTS_MACCATALYST = YES;
				SUPPORTS_MAC_DESIGNED_FOR_IPHONE_IPAD = NO;
				SUPPORTS_XR_DESIGNED_FOR_IPHONE_IPAD = NO;
				SWIFT_APPROACHABLE_CONCURRENCY = YES;
				SWIFT_EMIT_LOC_STRINGS = YES;
				SWIFT_UPCOMING_FEATURE_MEMBER_IMPORT_VISIBILITY = YES;
				SWIFT_VERSION = 5.0;
				TARGETED_DEVICE_FAMILY = "1,2";
			};
			name = Release;
		};
		AD6654A22E8B264600A2C368 /* Debug configuration for PBXNativeTarget "thumbext" */ = {
			isa = XCBuildConfiguration;
			buildSettings = {
				CODE_SIGN_STYLE = Automatic;
				CURRENT_PROJECT_VERSION = 1;
				DEVELOPMENT_TEAM = FL3NGSAHDH;
				GENERATE_INFOPLIST_FILE = YES;
				INFOPLIST_FILE = thumbext/Info.plist;
				INFOPLIST_KEY_CFBundleDisplayName = thumbext;
				INFOPLIST_KEY_NSHumanReadableCopyright = "";
				IPHONEOS_DEPLOYMENT_TARGET = 15.0;
				LD_RUNPATH_SEARCH_PATHS = (
					"$(inherited)",
					"@executable_path/Frameworks",
					"@executable_path/../../Frameworks",
				);
				MARKETING_VERSION = 1.2;
				PRODUCT_BUNDLE_IDENTIFIER = io.eugo.experiments.jpegxlbp.thumbext;
				PRODUCT_NAME = "$(TARGET_NAME)";
				SKIP_INSTALL = YES;
				STRING_CATALOG_GENERATE_SYMBOLS = YES;
				SUPPORTED_PLATFORMS = "iphoneos iphonesimulator";
				SUPPORTS_MACCATALYST = YES;
				SUPPORTS_MAC_DESIGNED_FOR_IPHONE_IPAD = NO;
				SUPPORTS_XR_DESIGNED_FOR_IPHONE_IPAD = NO;
				SWIFT_APPROACHABLE_CONCURRENCY = YES;
				SWIFT_EMIT_LOC_STRINGS = YES;
				SWIFT_UPCOMING_FEATURE_MEMBER_IMPORT_VISIBILITY = YES;
				SWIFT_VERSION = 5.0;
				TARGETED_DEVICE_FAMILY = "1,2";
			};
			name = Debug;
		};
		AD6654A32E8B264600A2C368 /* Release configuration for PBXNativeTarget "thumbext" */ = {
			isa = XCBuildConfiguration;
			buildSettings = {
				CODE_SIGN_STYLE = Automatic;
				CURRENT_PROJECT_VERSION = 1;
				DEVELOPMENT_TEAM = FL3NGSAHDH;
				GENERATE_INFOPLIST_FILE = YES;
				INFOPLIST_FILE = thumbext/Info.plist;
				INFOPLIST_KEY_CFBundleDisplayName = thumbext;
				INFOPLIST_KEY_NSHumanReadableCopyright = "";
				IPHONEOS_DEPLOYMENT_TARGET = 15.0;
				LD_RUNPATH_SEARCH_PATHS = (
					"$(inherited)",
					"@executable_path/Frameworks",
					"@executable_path/../../Frameworks",
				);
				MARKETING_VERSION = 1.2;
				PRODUCT_BUNDLE_IDENTIFIER = io.eugo.experiments.jpegxlbp.thumbext;
				PRODUCT_NAME = "$(TARGET_NAME)";
				SKIP_INSTALL = YES;
				STRING_CATALOG_GENERATE_SYMBOLS = YES;
				SUPPORTED_PLATFORMS = "iphoneos iphonesimulator";
				SUPPORTS_MACCATALYST = YES;
				SUPPORTS_MAC_DESIGNED_FOR_IPHONE_IPAD = NO;
				SUPPORTS_XR_DESIGNED_FOR_IPHONE_IPAD = NO;
				SWIFT_APPROACHABLE_CONCURRENCY = YES;
				SWIFT_EMIT_LOC_STRINGS = YES;
				SWIFT_UPCOMING_FEATURE_MEMBER_IMPORT_VISIBILITY = YES;
				SWIFT_VERSION = 5.0;
				TARGETED_DEVICE_FAMILY = "1,2";
			};
			name = Release;
		};
/* End XCBuildConfiguration section */

/* Begin XCConfigurationList section */
		AD66543E2E8AEAB700A2C368 /* Build configuration list for PBXProject "jpegxlbp" */ = {
			isa = XCConfigurationList;
			buildConfigurations = (
				AD6654592E8AEABB00A2C368 /* Debug configuration for PBXProject "jpegxlbp" */,
				AD66545A2E8AEABB00A2C368 /* Release configuration for PBXProject "jpegxlbp" */,
			);
			defaultConfigurationName = Release;
		};
		AD6654562E8AEABB00A2C368 /* Build configuration list for PBXNativeTarget "jpegxlbp" */ = {
			isa = XCConfigurationList;
			buildConfigurations = (
				AD6654572E8AEABB00A2C368 /* Debug configuration for PBXNativeTarget "jpegxlbp" */,
				AD6654582E8AEABB00A2C368 /* Release configuration for PBXNativeTarget "jpegxlbp" */,
			);
			defaultConfigurationName = Release;
		};
		AD66546F2E8AEAF500A2C368 /* Build configuration list for PBXNativeTarget "previewext" */ = {
			isa = XCConfigurationList;
			buildConfigurations = (
				AD6654702E8AEAF500A2C368 /* Debug configuration for PBXNativeTarget "previewext" */,
				AD6654712E8AEAF500A2C368 /* Release configuration for PBXNativeTarget "previewext" */,
			);
			defaultConfigurationName = Release;
		};
		AD6654A12E8B264600A2C368 /* Build configuration list for PBXNativeTarget "thumbext" */ = {
			isa = XCConfigurationList;
			buildConfigurations = (
				AD6654A22E8B264600A2C368 /* Debug configuration for PBXNativeTarget "thumbext" */,
				AD6654A32E8B264600A2C368 /* Release configuration for PBXNativeTarget "thumbext" */,
			);
			defaultConfigurationName = Release;
		};
/* End XCConfigurationList section */
	};
	rootObject = AD66543B2E8AEAB700A2C368 /* Project object */;
}
