{
  "originHash" : "f5691c4c4a7592d68de91fce9a43b726a4befbcc9c4cd90337e028b46cc5ec0d",
  "pins" : [
    {
      "identity" : "libjxl-xcode",
      "kind" : "remoteSourceControl",
      "location" : "https://github.com/SDWebImage/libjxl-Xcode.git",
      "state" : {
        "revision" : "069adca6bbe953b52e969d024406781d70ce93ff",
        "version" : "0.10.4"
      }
    },
    {
      "identity" : "sdwebimage",
      "kind" : "remoteSourceControl",
      "location" : "https://github.com/SDWebImage/SDWebImage.git",
      "state" : {
        "revision" : "449e8f8f10377f620db8ad22ea81208eecf6325f",
        "version" : "5.21.6"
      }
    },
    {
      "identity" : "sdwebimagejpegxlcoder",
      "kind" : "remoteSourceControl",
      "location" : "https://github.com/SDWebImage/SDWebImageJPEGXLCoder.git",
      "state" : {
        "revision" : "411721bec793deeceedb799eec005d6fd9f7a539",
        "version" : "0.2.0"
      }
    }
  ],
  "version" : 3
}
